// !$*UTF8*$!
{
	archiveVersion = 1;
	classes = {
	};
	objectVersion = 46;
	objects = {

/* Begin PBXBuildFile section */
		F25F14EB1CE5BA7600B23C99 /* AppDelegate.swift in Sources */ = {isa = PBXBuildFile; fileRef = F25F14EA1CE5BA7600B23C99 /* AppDelegate.swift */; };
		F25F14F01CE5BA7600B23C99 /* Main.storyboard in Resources */ = {isa = PBXBuildFile; fileRef = F25F14EE1CE5BA7600B23C99 /* Main.storyboard */; };
		F25F14F21CE5BA7600B23C99 /* Assets.xcassets in Resources */ = {isa = PBXBuildFile; fileRef = F25F14F11CE5BA7600B23C99 /* Assets.xcassets */; };
		F25F14F51CE5BA7700B23C99 /* LaunchScreen.storyboard in Resources */ = {isa = PBXBuildFile; fileRef = F25F14F31CE5BA7700B23C99 /* LaunchScreen.storyboard */; };
		F25F14FD1CE5BA9500B23C99 /* LoginViewController.swift in Sources */ = {isa = PBXBuildFile; fileRef = F25F14FC1CE5BA9500B23C99 /* LoginViewController.swift */; };
		F25F14FF1CE617C800B23C99 /* LoginView.swift in Sources */ = {isa = PBXBuildFile; fileRef = F25F14FE1CE617C800B23C99 /* LoginView.swift */; };
		F2BF46931CE639A60031B663 /* FooViewController.swift in Sources */ = {isa = PBXBuildFile; fileRef = F2BF46921CE639A60031B663 /* FooViewController.swift */; };
/* End PBXBuildFile section */

/* Begin PBXFileReference section */
		F25F14E71CE5BA7600B23C99 /* LoginDemo.app */ = {isa = PBXFileReference; explicitFileType = wrapper.application; includeInIndex = 0; path = LoginDemo.app; sourceTree = BUILT_PRODUCTS_DIR; };
		F25F14EA1CE5BA7600B23C99 /* AppDelegate.swift */ = {isa = PBXFileReference; lastKnownFileType = sourcecode.swift; path = AppDelegate.swift; sourceTree = "<group>"; };
		F25F14EF1CE5BA7600B23C99 /* Base */ = {isa = PBXFileReference; lastKnownFileType = file.storyboard; name = Base; path = Base.lproj/Main.storyboard; sourceTree = "<group>"; };
		F25F14F11CE5BA7600B23C99 /* Assets.xcassets */ = {isa = PBXFileReference; lastKnownFileType = folder.assetcatalog; path = Assets.xcassets; sourceTree = "<group>"; };
		F25F14F41CE5BA7700B23C99 /* Base */ = {isa = PBXFileReference; lastKnownFileType = file.storyboard; name = Base; path = Base.lproj/LaunchScreen.storyboard; sourceTree = "<group>"; };
		F25F14F61CE5BA7700B23C99 /* Info.plist */ = {isa = PBXFileReference; lastKnownFileType = text.plist.xml; path = Info.plist; sourceTree = "<group>"; };
		F25F14FC1CE5BA9500B23C99 /* LoginViewController.swift */ = {isa = PBXFileReference; fileEncoding = 4; lastKnownFileType = sourcecode.swift; path = LoginViewController.swift; sourceTree = "<group>"; };
		F25F14FE1CE617C800B23C99 /* LoginView.swift */ = {isa = PBXFileReference; fileEncoding = 4; lastKnownFileType = sourcecode.swift; path = LoginView.swift; sourceTree = "<group>"; };
		F2BF46921CE639A60031B663 /* FooViewController.swift */ = {isa = PBXFileReference; fileEncoding = 4; lastKnownFileType = sourcecode.swift; path = FooViewController.swift; sourceTree = "<group>"; };
/* End PBXFileReference section */

/* Begin PBXFrameworksBuildPhase section */
		F25F14E41CE5BA7600B23C99 /* Frameworks */ = {
			isa = PBXFrameworksBuildPhase;
			buildActionMask = 2147483647;
			files = (
			);
			runOnlyForDeploymentPostprocessing = 0;
		};
/* End PBXFrameworksBuildPhase section */

/* Begin PBXGroup section */
		F25F14DE1CE5BA7600B23C99 = {
			isa = PBXGroup;
			children = (
				F25F14E91CE5BA7600B23C99 /* LoginDemo */,
				F25F14E81CE5BA7600B23C99 /* Products */,
			);
			sourceTree = "<group>";
		};
		F25F14E81CE5BA7600B23C99 /* Products */ = {
			isa = PBXGroup;
			children = (
				F25F14E71CE5BA7600B23C99 /* LoginDemo.app */,
			);
			name = Products;
			sourceTree = "<group>";
		};
		F25F14E91CE5BA7600B23C99 /* LoginDemo */ = {
			isa = PBXGroup;
			children = (
				F25F14EA1CE5BA7600B23C99 /* AppDelegate.swift */,
				F25F14FC1CE5BA9500B23C99 /* LoginViewController.swift */,
				F25F14FE1CE617C800B23C99 /* LoginView.swift */,
				F2BF46921CE639A60031B663 /* FooViewController.swift */,
				F25F14EE1CE5BA7600B23C99 /* Main.storyboard */,
				F25F14F11CE5BA7600B23C99 /* Assets.xcassets */,
				F25F14F31CE5BA7700B23C99 /* LaunchScreen.storyboard */,
				F25F14F61CE5BA7700B23C99 /* Info.plist */,
			);
			path = LoginDemo;
			sourceTree = "<group>";
		};
/* End PBXGroup section */

/* Begin PBXNativeTarget section */
		F25F14E61CE5BA7600B23C99 /* LoginDemo */ = {
			isa = PBXNativeTarget;
			buildConfigurationList = F25F14F91CE5BA7700B23C99 /* Build configuration list for PBXNativeTarget "LoginDemo" */;
			buildPhases = (
				F25F14E31CE5BA7600B23C99 /* Sources */,
				F25F14E41CE5BA7600B23C99 /* Frameworks */,
				F25F14E51CE5BA7600B23C99 /* Resources */,
			);
			buildRules = (
			);
			dependencies = (
			);
			name = LoginDemo;
			productName = LoginDemo;
			productReference = F25F14E71CE5BA7600B23C99 /* LoginDemo.app */;
			productType = "com.apple.product-type.application";
		};
/* End PBXNativeTarget section */

/* Begin PBXProject section */
		F25F14DF1CE5BA7600B23C99 /* Project object */ = {
			isa = PBXProject;
			attributes = {
				LastSwiftUpdateCheck = 0730;
				LastUpgradeCheck = 0730;
				ORGANIZATIONNAME = dasdom;
				TargetAttributes = {
					F25F14E61CE5BA7600B23C99 = {
						CreatedOnToolsVersion = 7.3.1;
					};
				};
			};
			buildConfigurationList = F25F14E21CE5BA7600B23C99 /* Build configuration list for PBXProject "LoginDemo" */;
			compatibilityVersion = "Xcode 3.2";
			developmentRegion = English;
			hasScannedForEncodings = 0;
			knownRegions = (
				en,
				Base,
			);
			mainGroup = F25F14DE1CE5BA7600B23C99;
			productRefGroup = F25F14E81CE5BA7600B23C99 /* Products */;
			projectDirPath = "";
			projectRoot = "";
			targets = (
				F25F14E61CE5BA7600B23C99 /* LoginDemo */,
			);
		};
/* End PBXProject section */

/* Begin PBXResourcesBuildPhase section */
		F25F14E51CE5BA7600B23C99 /* Resources */ = {
			isa = PBXResourcesBuildPhase;
			buildActionMask = 2147483647;
			files = (
				F25F14F51CE5BA7700B23C99 /* LaunchScreen.storyboard in Resources */,
				F25F14F21CE5BA7600B23C99 /* Assets.xcassets in Resources */,
				F25F14F01CE5BA7600B23C99 /* Main.storyboard in Resources */,
			);
			runOnlyForDeploymentPostprocessing = 0;
		};
/* End PBXResourcesBuildPhase section */

/* Begin PBXSourcesBuildPhase section */
		F25F14E31CE5BA7600B23C99 /* Sources */ = {
			isa = PBXSourcesBuildPhase;
			buildActionMask = 2147483647;
			files = (
				F25F14FF1CE617C800B23C99 /* LoginView.swift in Sources */,
				F2BF46931CE639A60031B663 /* FooViewController.swift in Sources */,
				F25F14FD1CE5BA9500B23C99 /* LoginViewController.swift in Sources */,
				F25F14EB1CE5BA7600B23C99 /* AppDelegate.swift in Sources */,
			);
			runOnlyForDeploymentPostprocessing = 0;
		};
/* End PBXSourcesBuildPhase section */

/* Begin PBXVariantGroup section */
		F25F14EE1CE5BA7600B23C99 /* Main.storyboard */ = {
			isa = PBXVariantGroup;
			children = (
				F25F14EF1CE5BA7600B23C99 /* Base */,
			);
			name = Main.storyboard;
			sourceTree = "<group>";
		};
		F25F14F31CE5BA7700B23C99 /* LaunchScreen.storyboard */ = {
			isa = PBXVariantGroup;
			children = (
				F25F14F41CE5BA7700B23C99 /* Base */,
			);
			name = LaunchScreen.storyboard;
			sourceTree = "<group>";
		};
/* End PBXVariantGroup section */

/* Begin XCBuildConfiguration section */
		F25F14F71CE5BA7700B23C99 /* Debug */ = {
			isa = XCBuildConfiguration;
			buildSettings = {
				ALWAYS_SEARCH_USER_PATHS = NO;
				CLANG_ANALYZER_NONNULL = YES;
				CLANG_CXX_LANGUAGE_STANDARD = "gnu++0x";
				CLANG_CXX_LIBRARY = "libc++";
				CLANG_ENABLE_MODULES = YES;
				CLANG_ENABLE_OBJC_ARC = YES;
				CLANG_WARN_BOOL_CONVERSION = YES;
				CLANG_WARN_CONSTANT_CONVERSION = YES;
				CLANG_WARN_DIRECT_OBJC_ISA_USAGE = YES_ERROR;
				CLANG_WARN_EMPTY_BODY = YES;
				CLANG_WARN_ENUM_CONVERSION = YES;
				CLANG_WARN_INT_CONVERSION = YES;
				CLANG_WARN_OBJC_ROOT_CLASS = YES_ERROR;
				CLANG_WARN_UNREACHABLE_CODE = YES;
				CLANG_WARN__DUPLICATE_METHOD_MATCH = YES;
				"CODE_SIGN_IDENTITY[sdk=iphoneos*]" = "iPhone Developer";
				COPY_PHASE_STRIP = NO;
				DEBUG_INFORMATION_FORMAT = dwarf;
				ENABLE_STRICT_OBJC_MSGSEND = YES;
				ENABLE_TESTABILITY = YES;
				GCC_C_LANGUAGE_STANDARD = gnu99;
				GCC_DYNAMIC_NO_PIC = NO;
				GCC_NO_COMMON_BLOCKS = YES;
				GCC_OPTIMIZATION_LEVEL = 0;
				GCC_PREPROCESSOR_DEFINITIONS = (
					"DEBUG=1",
					"$(inherited)",
				);
				GCC_WARN_64_TO_32_BIT_CONVERSION = YES;
				GCC_WARN_ABOUT_RETURN_TYPE = YES_ERROR;
				GCC_WARN_UNDECLARED_SELECTOR = YES;
				GCC_WARN_UNINITIALIZED_AUTOS = YES_AGGRESSIVE;
				GCC_WARN_UNUSED_FUNCTION = YES;
				GCC_WARN_UNUSED_VARIABLE = YES;
				IPHONEOS_DEPLOYMENT_TARGET = 9.3;
				MTL_ENABLE_DEBUG_INFO = YES;
				ONLY_ACTIVE_ARCH = YES;
				SDKROOT = iphoneos;
				SWIFT_OPTIMIZATION_LEVEL = "-Onone";
			};
			name = Debug;
		};
		F25F14F81CE5BA7700B23C99 /* Release */ = {
			isa = XCBuildConfiguration;
			buildSettings = {
				ALWAYS_SEARCH_USER_PATHS = NO;
				CLANG_ANALYZER_NONNULL = YES;
				CLANG_CXX_LANGUAGE_STANDARD = "gnu++0x";
				CLANG_CXX_LIBRARY = "libc++";
				CLANG_ENABLE_MODULES = YES;
				CLANG_ENABLE_OBJC_ARC = YES;
				CLANG_WARN_BOOL_CONVERSION = YES;
				CLANG_WARN_CONSTANT_CONVERSION = YES;
				CLANG_WARN_DIRECT_OBJC_ISA_USAGE = YES_ERROR;
				CLANG_WARN_EMPTY_BODY = YES;
				CLANG_WARN_ENUM_CONVERSION = YES;
				CLANG_WARN_INT_CONVERSION = YES;
				CLANG_WARN_OBJC_ROOT_CLASS = YES_ERROR;
				CLANG_WARN_UNREACHABLE_CODE = YES;
				CLANG_WARN__DUPLICATE_METHOD_MATCH = YES;
				"CODE_SIGN_IDENTITY[sdk=iphoneos*]" = "iPhone Developer";
				COPY_PHASE_STRIP = NO;
				DEBUG_INFORMATION_FORMAT = "dwarf-with-dsym";
				ENABLE_NS_ASSERTIONS = NO;
				ENABLE_STRICT_OBJC_MSGSEND = YES;
				GCC_C_LANGUAGE_STANDARD = gnu99;
				GCC_NO_COMMON_BLOCKS = YES;
				GCC_WARN_64_TO_32_BIT_CONVERSION = YES;
				GCC_WARN_ABOUT_RETURN_TYPE = YES_ERROR;
				GCC_WARN_UNDECLARED_SELECTOR = YES;
				GCC_WARN_UNINITIALIZED_AUTOS = YES_AGGRESSIVE;
				GCC_WARN_UNUSED_FUNCTION = YES;
				GCC_WARN_UNUSED_VARIABLE = YES;
				IPHONEOS_DEPLOYMENT_TARGET = 9.3;
				MTL_ENABLE_DEBUG_INFO = NO;
				SDKROOT = iphoneos;
				VALIDATE_PRODUCT = YES;
			};
			name = Release;
		};
		F25F14FA1CE5BA7700B23C99 /* Debug */ = {
			isa = XCBuildConfiguration;
			buildSettings = {
				ASSETCATALOG_COMPILER_APPICON_NAME = AppIcon;
				INFOPLIST_FILE = LoginDemo/Info.plist;
				LD_RUNPATH_SEARCH_PATHS = "$(inherited) @executable_path/Frameworks";
				PRODUCT_BUNDLE_IDENTIFIER = com.swiftandpainless.LoginDemo;
				PRODUCT_NAME = "$(TARGET_NAME)";
			};
			name = Debug;
		};
		F25F14FB1CE5BA7700B23C99 /* Release */ = {
			isa = XCBuildConfiguration;
			buildSettings = {
				ASSETCATALOG_COMPILER_APPICON_NAME = AppIcon;
				INFOPLIST_FILE = LoginDemo/Info.plist;
				LD_RUNPATH_SEARCH_PATHS = "$(inherited) @executable_path/Frameworks";
				PRODUCT_BUNDLE_IDENTIFIER = com.swiftandpainless.LoginDemo;
				PRODUCT_NAME = "$(TARGET_NAME)";
			};
			name = Release;
		};
/* End XCBuildConfiguration section */

/* Begin XCConfigurationList section */
		F25F14E21CE5BA7600B23C99 /* Build configuration list for PBXProject "LoginDemo" */ = {
			isa = XCConfigurationList;
			buildConfigurations = (
				F25F14F71CE5BA7700B23C99 /* Debug */,
				F25F14F81CE5BA7700B23C99 /* Release */,
			);
			defaultConfigurationIsVisible = 0;
			defaultConfigurationName = Release;
		};
		F25F14F91CE5BA7700B23C99 /* Build configuration list for PBXNativeTarget "LoginDemo" */ = {
			isa = XCConfigurationList;
			buildConfigurations = (
				F25F14FA1CE5BA7700B23C99 /* Debug */,
				F25F14FB1CE5BA7700B23C99 /* Release */,
			);
			defaultConfigurationIsVisible = 0;
			defaultConfigurationName = Release;
		};
/* End XCConfigurationList section */
	};
	rootObject = F25F14DF1CE5BA7600B23C99 /* Project object */;
}
