// !$*UTF8*$!
{
	archiveVersion = 1;
	classes = {
	};
	objectVersion = 46;
	objects = {

/* Begin PBXBuildFile section */
		F210976D1CF972780056E90E /* DynamicCellsTableViewTests.swift in Sources */ = {isa = PBXBuildFile; fileRef = F210976C1CF972780056E90E /* DynamicCellsTableViewTests.swift */; };
		F21895DF1CE8A6700077960F /* DynamicCellsTableViewTests.xml in Resources */ = {isa = PBXBuildFile; fileRef = F21895DE1CE8A6700077960F /* DynamicCellsTableViewTests.xml */; };
		F21895E11CEA5DBC0077960F /* ScrollViewTests.xml in Resources */ = {isa = PBXBuildFile; fileRef = F21895E01CEA5DBC0077960F /* ScrollViewTests.xml */; };
		F21895E31CECF9D60077960F /* ScrollViewTests.swift in Sources */ = {isa = PBXBuildFile; fileRef = F21895E21CECF9D60077960F /* ScrollViewTests.swift */; };
		F21895E51CECFA730077960F /* ScrollView.swift in Sources */ = {isa = PBXBuildFile; fileRef = F21895E41CECFA730077960F /* ScrollView.swift */; };
		F230C4321CD2AD31000DBA33 /* AppDelegate.swift in Sources */ = {isa = PBXBuildFile; fileRef = F230C4311CD2AD31000DBA33 /* AppDelegate.swift */; };
		F230C4341CD2AD31000DBA33 /* Assets.xcassets in Resources */ = {isa = PBXBuildFile; fileRef = F230C4331CD2AD31000DBA33 /* Assets.xcassets */; };
		F230C4371CD2AD31000DBA33 /* MainMenu.xib in Resources */ = {isa = PBXBuildFile; fileRef = F230C4351CD2AD31000DBA33 /* MainMenu.xib */; };
		F230C44E1CD2AD89000DBA33 /* MainWindowController.swift in Sources */ = {isa = PBXBuildFile; fileRef = F230C44C1CD2AD89000DBA33 /* MainWindowController.swift */; };
		F230C44F1CD2AD89000DBA33 /* MainWindowController.xib in Resources */ = {isa = PBXBuildFile; fileRef = F230C44D1CD2AD89000DBA33 /* MainWindowController.xib */; };
		F230C4511CD2B066000DBA33 /* DropTextField.swift in Sources */ = {isa = PBXBuildFile; fileRef = F230C4501CD2B066000DBA33 /* DropTextField.swift */; };
		F230C4611CD34A93000DBA33 /* Button.swift in Sources */ = {isa = PBXBuildFile; fileRef = F230C4531CD34A93000DBA33 /* Button.swift */; };
		F230C4621CD34A93000DBA33 /* Color.swift in Sources */ = {isa = PBXBuildFile; fileRef = F230C4541CD34A93000DBA33 /* Color.swift */; };
		F230C4631CD34A93000DBA33 /* Font.swift in Sources */ = {isa = PBXBuildFile; fileRef = F230C4551CD34A93000DBA33 /* Font.swift */; };
		F230C4641CD34A93000DBA33 /* Label.swift in Sources */ = {isa = PBXBuildFile; fileRef = F230C4561CD34A93000DBA33 /* Label.swift */; };
		F230C4651CD34A93000DBA33 /* LayoutGuide.swift in Sources */ = {isa = PBXBuildFile; fileRef = F230C4571CD34A93000DBA33 /* LayoutGuide.swift */; };
		F230C4661CD34A93000DBA33 /* SegmentedControl.swift in Sources */ = {isa = PBXBuildFile; fileRef = F230C4581CD34A93000DBA33 /* SegmentedControl.swift */; };
		F230C4671CD34A93000DBA33 /* TextField.swift in Sources */ = {isa = PBXBuildFile; fileRef = F230C4591CD34A93000DBA33 /* TextField.swift */; };
		F230C4681CD34A93000DBA33 /* View.swift in Sources */ = {isa = PBXBuildFile; fileRef = F230C45A1CD34A93000DBA33 /* View.swift */; };
		F230C4691CD34A93000DBA33 /* ViewController.swift in Sources */ = {isa = PBXBuildFile; fileRef = F230C45B1CD34A93000DBA33 /* ViewController.swift */; };
		F230C46A1CD34A93000DBA33 /* Constraint.swift in Sources */ = {isa = PBXBuildFile; fileRef = F230C45D1CD34A93000DBA33 /* Constraint.swift */; };
		F230C46B1CD34A93000DBA33 /* Enums.swift in Sources */ = {isa = PBXBuildFile; fileRef = F230C45E1CD34A93000DBA33 /* Enums.swift */; };
		F230C46C1CD34A93000DBA33 /* Extensions.swift in Sources */ = {isa = PBXBuildFile; fileRef = F230C45F1CD34A93000DBA33 /* Extensions.swift */; };
		F230C46D1CD34A93000DBA33 /* Protocols.swift in Sources */ = {isa = PBXBuildFile; fileRef = F230C4601CD34A93000DBA33 /* Protocols.swift */; };
		F230C46F1CD34AEC000DBA33 /* Slider.swift in Sources */ = {isa = PBXBuildFile; fileRef = F230C46E1CD34AEC000DBA33 /* Slider.swift */; };
		F230C4711CD34B44000DBA33 /* StoryboardXMLParserDelegate.swift in Sources */ = {isa = PBXBuildFile; fileRef = F230C4701CD34B44000DBA33 /* StoryboardXMLParserDelegate.swift */; };
		F230C4741CD38B70000DBA33 /* ButtonTests.swift in Sources */ = {isa = PBXBuildFile; fileRef = F230C4731CD38B70000DBA33 /* ButtonTests.swift */; };
		F230C4781CD38C6E000DBA33 /* StoryboardXMLHelper.swift in Sources */ = {isa = PBXBuildFile; fileRef = F230C4771CD38C6E000DBA33 /* StoryboardXMLHelper.swift */; };
		F230C47A1CD38F81000DBA33 /* DataLoader.swift in Sources */ = {isa = PBXBuildFile; fileRef = F230C4791CD38F81000DBA33 /* DataLoader.swift */; };
		F23DF4C31CDFD2DE00D9939E /* SliderTests.swift in Sources */ = {isa = PBXBuildFile; fileRef = F23DF4C21CDFD2DE00D9939E /* SliderTests.swift */; };
		F23DF4C51CE274DA00D9939E /* SegmentedControlTests.xml in Resources */ = {isa = PBXBuildFile; fileRef = F23DF4C41CE274DA00D9939E /* SegmentedControlTests.xml */; };
		F23DF4C71CE2763300D9939E /* SegmentedControlTests.swift in Sources */ = {isa = PBXBuildFile; fileRef = F23DF4C61CE2763300D9939E /* SegmentedControlTests.swift */; };
		F254ED8C1CD500BC00505DD3 /* ButtonState.swift in Sources */ = {isa = PBXBuildFile; fileRef = F254ED8B1CD500BC00505DD3 /* ButtonState.swift */; };
		F254ED8E1CD50CFA00505DD3 /* CodeCreator.swift in Sources */ = {isa = PBXBuildFile; fileRef = F254ED8D1CD50CFA00505DD3 /* CodeCreator.swift */; };
		F254ED971CD54AC800505DD3 /* ButtonTests.xml in Resources */ = {isa = PBXBuildFile; fileRef = F254ED931CD5495600505DD3 /* ButtonTests.xml */; };
		F254ED9A1CD5DDCF00505DD3 /* ViewTests.swift in Sources */ = {isa = PBXBuildFile; fileRef = F254ED991CD5DDCF00505DD3 /* ViewTests.swift */; };
		F254ED9B1CD6945800505DD3 /* ViewTests.xml in Resources */ = {isa = PBXBuildFile; fileRef = F254ED951CD5499000505DD3 /* ViewTests.xml */; };
		F2BF46911CE62E1A0031B663 /* Scene.swift in Sources */ = {isa = PBXBuildFile; fileRef = F2BF46901CE62E1A0031B663 /* Scene.swift */; };
		F2D9A2471CDD36B700F59171 /* SliderTests.xml in Resources */ = {isa = PBXBuildFile; fileRef = F2D9A2461CDD36B700F59171 /* SliderTests.xml */; };
		F2E2EF811CD7E5D800079EB8 /* LabelTests.xml in Resources */ = {isa = PBXBuildFile; fileRef = F2E2EF801CD7E5D800079EB8 /* LabelTests.xml */; };
		F2E2EF831CD7F2E900079EB8 /* LabelTests.swift in Sources */ = {isa = PBXBuildFile; fileRef = F2E2EF821CD7F2E900079EB8 /* LabelTests.swift */; };
		F2F7BB6F1CDBDFBA0002BAFF /* TextFieldTests.xml in Resources */ = {isa = PBXBuildFile; fileRef = F2F7BB6E1CDBDFBA0002BAFF /* TextFieldTests.xml */; };
		F2F7BB711CDBE5A90002BAFF /* TextFieldTests.swift in Sources */ = {isa = PBXBuildFile; fileRef = F2F7BB701CDBE5A90002BAFF /* TextFieldTests.swift */; };
/* End PBXBuildFile section */

/* Begin PBXContainerItemProxy section */
		F230C43E1CD2AD32000DBA33 /* PBXContainerItemProxy */ = {
			isa = PBXContainerItemProxy;
			containerPortal = F230C4261CD2AD31000DBA33 /* Project object */;
			proxyType = 1;
			remoteGlobalIDString = F230C42D1CD2AD31000DBA33;
			remoteInfo = Storyboard2Code;
		};
/* End PBXContainerItemProxy section */

/* Begin PBXFileReference section */
		F210976C1CF972780056E90E /* DynamicCellsTableViewTests.swift */ = {isa = PBXFileReference; fileEncoding = 4; lastKnownFileType = sourcecode.swift; path = DynamicCellsTableViewTests.swift; sourceTree = "<group>"; };
		F21895DE1CE8A6700077960F /* DynamicCellsTableViewTests.xml */ = {isa = PBXFileReference; fileEncoding = 4; lastKnownFileType = text.xml; path = DynamicCellsTableViewTests.xml; sourceTree = "<group>"; };
		F21895E01CEA5DBC0077960F /* ScrollViewTests.xml */ = {isa = PBXFileReference; fileEncoding = 4; lastKnownFileType = text.xml; path = ScrollViewTests.xml; sourceTree = "<group>"; };
		F21895E21CECF9D60077960F /* ScrollViewTests.swift */ = {isa = PBXFileReference; fileEncoding = 4; lastKnownFileType = sourcecode.swift; path = ScrollViewTests.swift; sourceTree = "<group>"; };
		F21895E41CECFA730077960F /* ScrollView.swift */ = {isa = PBXFileReference; fileEncoding = 4; lastKnownFileType = sourcecode.swift; path = ScrollView.swift; sourceTree = "<group>"; };
		F230C42E1CD2AD31000DBA33 /* Storyboard2Code.app */ = {isa = PBXFileReference; explicitFileType = wrapper.application; includeInIndex = 0; path = Storyboard2Code.app; sourceTree = BUILT_PRODUCTS_DIR; };
		F230C4311CD2AD31000DBA33 /* AppDelegate.swift */ = {isa = PBXFileReference; lastKnownFileType = sourcecode.swift; path = AppDelegate.swift; sourceTree = "<group>"; };
		F230C4331CD2AD31000DBA33 /* Assets.xcassets */ = {isa = PBXFileReference; lastKnownFileType = folder.assetcatalog; path = Assets.xcassets; sourceTree = "<group>"; };
		F230C4361CD2AD31000DBA33 /* Base */ = {isa = PBXFileReference; lastKnownFileType = file.xib; name = Base; path = Base.lproj/MainMenu.xib; sourceTree = "<group>"; };
		F230C4381CD2AD31000DBA33 /* Info.plist */ = {isa = PBXFileReference; lastKnownFileType = text.plist.xml; path = Info.plist; sourceTree = "<group>"; };
		F230C43D1CD2AD32000DBA33 /* Storyboard2CodeTests.xctest */ = {isa = PBXFileReference; explicitFileType = wrapper.cfbundle; includeInIndex = 0; path = Storyboard2CodeTests.xctest; sourceTree = BUILT_PRODUCTS_DIR; };
		F230C4431CD2AD32000DBA33 /* Info.plist */ = {isa = PBXFileReference; lastKnownFileType = text.plist.xml; path = Info.plist; sourceTree = "<group>"; };
		F230C44C1CD2AD89000DBA33 /* MainWindowController.swift */ = {isa = PBXFileReference; fileEncoding = 4; lastKnownFileType = sourcecode.swift; path = MainWindowController.swift; sourceTree = "<group>"; };
		F230C44D1CD2AD89000DBA33 /* MainWindowController.xib */ = {isa = PBXFileReference; fileEncoding = 4; lastKnownFileType = file.xib; path = MainWindowController.xib; sourceTree = "<group>"; };
		F230C4501CD2B066000DBA33 /* DropTextField.swift */ = {isa = PBXFileReference; fileEncoding = 4; lastKnownFileType = sourcecode.swift; path = DropTextField.swift; sourceTree = "<group>"; };
		F230C4531CD34A93000DBA33 /* Button.swift */ = {isa = PBXFileReference; fileEncoding = 4; lastKnownFileType = sourcecode.swift; path = Button.swift; sourceTree = "<group>"; };
		F230C4541CD34A93000DBA33 /* Color.swift */ = {isa = PBXFileReference; fileEncoding = 4; lastKnownFileType = sourcecode.swift; path = Color.swift; sourceTree = "<group>"; };
		F230C4551CD34A93000DBA33 /* Font.swift */ = {isa = PBXFileReference; fileEncoding = 4; lastKnownFileType = sourcecode.swift; path = Font.swift; sourceTree = "<group>"; };
		F230C4561CD34A93000DBA33 /* Label.swift */ = {isa = PBXFileReference; fileEncoding = 4; lastKnownFileType = sourcecode.swift; path = Label.swift; sourceTree = "<group>"; };
		F230C4571CD34A93000DBA33 /* LayoutGuide.swift */ = {isa = PBXFileReference; fileEncoding = 4; lastKnownFileType = sourcecode.swift; path = LayoutGuide.swift; sourceTree = "<group>"; };
		F230C4581CD34A93000DBA33 /* SegmentedControl.swift */ = {isa = PBXFileReference; fileEncoding = 4; lastKnownFileType = sourcecode.swift; path = SegmentedControl.swift; sourceTree = "<group>"; };
		F230C4591CD34A93000DBA33 /* TextField.swift */ = {isa = PBXFileReference; fileEncoding = 4; lastKnownFileType = sourcecode.swift; path = TextField.swift; sourceTree = "<group>"; };
		F230C45A1CD34A93000DBA33 /* View.swift */ = {isa = PBXFileReference; fileEncoding = 4; lastKnownFileType = sourcecode.swift; path = View.swift; sourceTree = "<group>"; };
		F230C45B1CD34A93000DBA33 /* ViewController.swift */ = {isa = PBXFileReference; fileEncoding = 4; lastKnownFileType = sourcecode.swift; path = ViewController.swift; sourceTree = "<group>"; };
		F230C45D1CD34A93000DBA33 /* Constraint.swift */ = {isa = PBXFileReference; fileEncoding = 4; lastKnownFileType = sourcecode.swift; path = Constraint.swift; sourceTree = "<group>"; };
		F230C45E1CD34A93000DBA33 /* Enums.swift */ = {isa = PBXFileReference; fileEncoding = 4; lastKnownFileType = sourcecode.swift; path = Enums.swift; sourceTree = "<group>"; };
		F230C45F1CD34A93000DBA33 /* Extensions.swift */ = {isa = PBXFileReference; fileEncoding = 4; lastKnownFileType = sourcecode.swift; path = Extensions.swift; sourceTree = "<group>"; };
		F230C4601CD34A93000DBA33 /* Protocols.swift */ = {isa = PBXFileReference; fileEncoding = 4; lastKnownFileType = sourcecode.swift; path = Protocols.swift; sourceTree = "<group>"; };
		F230C46E1CD34AEC000DBA33 /* Slider.swift */ = {isa = PBXFileReference; fileEncoding = 4; lastKnownFileType = sourcecode.swift; path = Slider.swift; sourceTree = "<group>"; };
		F230C4701CD34B44000DBA33 /* StoryboardXMLParserDelegate.swift */ = {isa = PBXFileReference; fileEncoding = 4; lastKnownFileType = sourcecode.swift; path = StoryboardXMLParserDelegate.swift; sourceTree = "<group>"; };
		F230C4731CD38B70000DBA33 /* ButtonTests.swift */ = {isa = PBXFileReference; fileEncoding = 4; lastKnownFileType = sourcecode.swift; path = ButtonTests.swift; sourceTree = "<group>"; };
		F230C4771CD38C6E000DBA33 /* StoryboardXMLHelper.swift */ = {isa = PBXFileReference; fileEncoding = 4; lastKnownFileType = sourcecode.swift; path = StoryboardXMLHelper.swift; sourceTree = "<group>"; };
		F230C4791CD38F81000DBA33 /* DataLoader.swift */ = {isa = PBXFileReference; fileEncoding = 4; lastKnownFileType = sourcecode.swift; path = DataLoader.swift; sourceTree = "<group>"; };
		F230C47D1CD3FB66000DBA33 /* Elements.playground */ = {isa = PBXFileReference; lastKnownFileType = file.playground; path = Elements.playground; sourceTree = "<group>"; };
		F23DF4C21CDFD2DE00D9939E /* SliderTests.swift */ = {isa = PBXFileReference; fileEncoding = 4; lastKnownFileType = sourcecode.swift; path = SliderTests.swift; sourceTree = "<group>"; };
		F23DF4C41CE274DA00D9939E /* SegmentedControlTests.xml */ = {isa = PBXFileReference; fileEncoding = 4; lastKnownFileType = text.xml; path = SegmentedControlTests.xml; sourceTree = "<group>"; };
		F23DF4C61CE2763300D9939E /* SegmentedControlTests.swift */ = {isa = PBXFileReference; fileEncoding = 4; lastKnownFileType = sourcecode.swift; path = SegmentedControlTests.swift; sourceTree = "<group>"; };
		F254ED8B1CD500BC00505DD3 /* ButtonState.swift */ = {isa = PBXFileReference; fileEncoding = 4; lastKnownFileType = sourcecode.swift; path = ButtonState.swift; sourceTree = "<group>"; };
		F254ED8D1CD50CFA00505DD3 /* CodeCreator.swift */ = {isa = PBXFileReference; fileEncoding = 4; lastKnownFileType = sourcecode.swift; path = CodeCreator.swift; sourceTree = "<group>"; };
		F254ED931CD5495600505DD3 /* ButtonTests.xml */ = {isa = PBXFileReference; fileEncoding = 4; lastKnownFileType = text.xml; path = ButtonTests.xml; sourceTree = "<group>"; };
		F254ED951CD5499000505DD3 /* ViewTests.xml */ = {isa = PBXFileReference; fileEncoding = 4; lastKnownFileType = text.xml; path = ViewTests.xml; sourceTree = "<group>"; };
		F254ED991CD5DDCF00505DD3 /* ViewTests.swift */ = {isa = PBXFileReference; fileEncoding = 4; lastKnownFileType = sourcecode.swift; path = ViewTests.swift; sourceTree = "<group>"; };
		F2BF46901CE62E1A0031B663 /* Scene.swift */ = {isa = PBXFileReference; fileEncoding = 4; lastKnownFileType = sourcecode.swift; path = Scene.swift; sourceTree = "<group>"; };
		F2D9A2461CDD36B700F59171 /* SliderTests.xml */ = {isa = PBXFileReference; fileEncoding = 4; lastKnownFileType = text.xml; path = SliderTests.xml; sourceTree = "<group>"; };
		F2E2EF801CD7E5D800079EB8 /* LabelTests.xml */ = {isa = PBXFileReference; fileEncoding = 4; lastKnownFileType = text.xml; path = LabelTests.xml; sourceTree = "<group>"; };
		F2E2EF821CD7F2E900079EB8 /* LabelTests.swift */ = {isa = PBXFileReference; fileEncoding = 4; lastKnownFileType = sourcecode.swift; path = LabelTests.swift; sourceTree = "<group>"; };
		F2F7BB6E1CDBDFBA0002BAFF /* TextFieldTests.xml */ = {isa = PBXFileReference; fileEncoding = 4; lastKnownFileType = text.xml; path = TextFieldTests.xml; sourceTree = "<group>"; };
		F2F7BB701CDBE5A90002BAFF /* TextFieldTests.swift */ = {isa = PBXFileReference; fileEncoding = 4; lastKnownFileType = sourcecode.swift; path = TextFieldTests.swift; sourceTree = "<group>"; };
/* End PBXFileReference section */

/* Begin PBXFrameworksBuildPhase section */
		F230C42B1CD2AD31000DBA33 /* Frameworks */ = {
			isa = PBXFrameworksBuildPhase;
			buildActionMask = 2147483647;
			files = (
			);
			runOnlyForDeploymentPostprocessing = 0;
		};
		F230C43A1CD2AD32000DBA33 /* Frameworks */ = {
			isa = PBXFrameworksBuildPhase;
			buildActionMask = 2147483647;
			files = (
			);
			runOnlyForDeploymentPostprocessing = 0;
		};
/* End PBXFrameworksBuildPhase section */

/* Begin PBXGroup section */
		F230C4251CD2AD31000DBA33 = {
			isa = PBXGroup;
			children = (
				F230C47D1CD3FB66000DBA33 /* Elements.playground */,
				F230C4301CD2AD31000DBA33 /* Storyboard2Code */,
				F230C4401CD2AD32000DBA33 /* Storyboard2CodeTests */,
				F230C42F1CD2AD31000DBA33 /* Products */,
			);
			sourceTree = "<group>";
		};
		F230C42F1CD2AD31000DBA33 /* Products */ = {
			isa = PBXGroup;
			children = (
				F230C42E1CD2AD31000DBA33 /* Storyboard2Code.app */,
				F230C43D1CD2AD32000DBA33 /* Storyboard2CodeTests.xctest */,
			);
			name = Products;
			sourceTree = "<group>";
		};
		F230C4301CD2AD31000DBA33 /* Storyboard2Code */ = {
			isa = PBXGroup;
			children = (
				F230C4311CD2AD31000DBA33 /* AppDelegate.swift */,
				F230C44C1CD2AD89000DBA33 /* MainWindowController.swift */,
				F254ED8D1CD50CFA00505DD3 /* CodeCreator.swift */,
				F230C44D1CD2AD89000DBA33 /* MainWindowController.xib */,
				F230C4501CD2B066000DBA33 /* DropTextField.swift */,
				F230C4521CD34A93000DBA33 /* Elements */,
				F230C45C1CD34A93000DBA33 /* Helper */,
				F230C4331CD2AD31000DBA33 /* Assets.xcassets */,
				F230C4351CD2AD31000DBA33 /* MainMenu.xib */,
				F230C4381CD2AD31000DBA33 /* Info.plist */,
			);
			path = Storyboard2Code;
			sourceTree = "<group>";
		};
		F230C4401CD2AD32000DBA33 /* Storyboard2CodeTests */ = {
			isa = PBXGroup;
			children = (
				F230C4721CD38B58000DBA33 /* Elements */,
				F230C4771CD38C6E000DBA33 /* StoryboardXMLHelper.swift */,
				F230C4791CD38F81000DBA33 /* DataLoader.swift */,
				F230C4431CD2AD32000DBA33 /* Info.plist */,
			);
			path = Storyboard2CodeTests;
			sourceTree = "<group>";
		};
		F230C4521CD34A93000DBA33 /* Elements */ = {
			isa = PBXGroup;
			children = (
				F230C4531CD34A93000DBA33 /* Button.swift */,
				F230C4541CD34A93000DBA33 /* Color.swift */,
				F230C4551CD34A93000DBA33 /* Font.swift */,
				F230C4561CD34A93000DBA33 /* Label.swift */,
				F230C4571CD34A93000DBA33 /* LayoutGuide.swift */,
				F230C4581CD34A93000DBA33 /* SegmentedControl.swift */,
				F230C4591CD34A93000DBA33 /* TextField.swift */,
				F230C45A1CD34A93000DBA33 /* View.swift */,
				F230C45B1CD34A93000DBA33 /* ViewController.swift */,
				F230C46E1CD34AEC000DBA33 /* Slider.swift */,
				F230C4701CD34B44000DBA33 /* StoryboardXMLParserDelegate.swift */,
				F254ED8B1CD500BC00505DD3 /* ButtonState.swift */,
				F2BF46901CE62E1A0031B663 /* Scene.swift */,
				F21895E41CECFA730077960F /* ScrollView.swift */,
			);
			path = Elements;
			sourceTree = "<group>";
		};
		F230C45C1CD34A93000DBA33 /* Helper */ = {
			isa = PBXGroup;
			children = (
				F230C45D1CD34A93000DBA33 /* Constraint.swift */,
				F230C45E1CD34A93000DBA33 /* Enums.swift */,
				F230C45F1CD34A93000DBA33 /* Extensions.swift */,
				F230C4601CD34A93000DBA33 /* Protocols.swift */,
			);
			path = Helper;
			sourceTree = "<group>";
		};
		F230C4721CD38B58000DBA33 /* Elements */ = {
			isa = PBXGroup;
			children = (
				F230C4731CD38B70000DBA33 /* ButtonTests.swift */,
				F254ED991CD5DDCF00505DD3 /* ViewTests.swift */,
				F2E2EF821CD7F2E900079EB8 /* LabelTests.swift */,
				F2F7BB701CDBE5A90002BAFF /* TextFieldTests.swift */,
				F23DF4C21CDFD2DE00D9939E /* SliderTests.swift */,
				F23DF4C61CE2763300D9939E /* SegmentedControlTests.swift */,
				F21895E21CECF9D60077960F /* ScrollViewTests.swift */,
				F210976C1CF972780056E90E /* DynamicCellsTableViewTests.swift */,
				F254ED921CD5495600505DD3 /* XMLs */,
			);
			path = Elements;
			sourceTree = "<group>";
		};
		F254ED921CD5495600505DD3 /* XMLs */ = {
			isa = PBXGroup;
			children = (
				F254ED931CD5495600505DD3 /* ButtonTests.xml */,
				F254ED951CD5499000505DD3 /* ViewTests.xml */,
				F2E2EF801CD7E5D800079EB8 /* LabelTests.xml */,
				F2F7BB6E1CDBDFBA0002BAFF /* TextFieldTests.xml */,
				F2D9A2461CDD36B700F59171 /* SliderTests.xml */,
				F23DF4C41CE274DA00D9939E /* SegmentedControlTests.xml */,
				F21895E01CEA5DBC0077960F /* ScrollViewTests.xml */,
				F21895DE1CE8A6700077960F /* DynamicCellsTableViewTests.xml */,
			);
			path = XMLs;
			sourceTree = "<group>";
		};
/* End PBXGroup section */

/* Begin PBXNativeTarget section */
		F230C42D1CD2AD31000DBA33 /* Storyboard2Code */ = {
			isa = PBXNativeTarget;
			buildConfigurationList = F230C4461CD2AD32000DBA33 /* Build configuration list for PBXNativeTarget "Storyboard2Code" */;
			buildPhases = (
				F230C42A1CD2AD31000DBA33 /* Sources */,
				F230C42B1CD2AD31000DBA33 /* Frameworks */,
				F230C42C1CD2AD31000DBA33 /* Resources */,
			);
			buildRules = (
			);
			dependencies = (
			);
			name = Storyboard2Code;
			productName = Storyboard2Code;
			productReference = F230C42E1CD2AD31000DBA33 /* Storyboard2Code.app */;
			productType = "com.apple.product-type.application";
		};
		F230C43C1CD2AD32000DBA33 /* Storyboard2CodeTests */ = {
			isa = PBXNativeTarget;
			buildConfigurationList = F230C4491CD2AD32000DBA33 /* Build configuration list for PBXNativeTarget "Storyboard2CodeTests" */;
			buildPhases = (
				F230C4391CD2AD32000DBA33 /* Sources */,
				F230C43A1CD2AD32000DBA33 /* Frameworks */,
				F230C43B1CD2AD32000DBA33 /* Resources */,
			);
			buildRules = (
			);
			dependencies = (
				F230C43F1CD2AD32000DBA33 /* PBXTargetDependency */,
			);
			name = Storyboard2CodeTests;
			productName = Storyboard2CodeTests;
			productReference = F230C43D1CD2AD32000DBA33 /* Storyboard2CodeTests.xctest */;
			productType = "com.apple.product-type.bundle.unit-test";
		};
/* End PBXNativeTarget section */

/* Begin PBXProject section */
		F230C4261CD2AD31000DBA33 /* Project object */ = {
			isa = PBXProject;
			attributes = {
				LastSwiftUpdateCheck = 0730;
				LastUpgradeCheck = 0730;
				ORGANIZATIONNAME = dasdom;
				TargetAttributes = {
					F230C42D1CD2AD31000DBA33 = {
						CreatedOnToolsVersion = 7.3;
					};
					F230C43C1CD2AD32000DBA33 = {
						CreatedOnToolsVersion = 7.3;
						TestTargetID = F230C42D1CD2AD31000DBA33;
					};
				};
			};
			buildConfigurationList = F230C4291CD2AD31000DBA33 /* Build configuration list for PBXProject "Storyboard2Code" */;
			compatibilityVersion = "Xcode 3.2";
			developmentRegion = English;
			hasScannedForEncodings = 0;
			knownRegions = (
				en,
				Base,
			);
			mainGroup = F230C4251CD2AD31000DBA33;
			productRefGroup = F230C42F1CD2AD31000DBA33 /* Products */;
			projectDirPath = "";
			projectRoot = "";
			targets = (
				F230C42D1CD2AD31000DBA33 /* Storyboard2Code */,
				F230C43C1CD2AD32000DBA33 /* Storyboard2CodeTests */,
			);
		};
/* End PBXProject section */

/* Begin PBXResourcesBuildPhase section */
		F230C42C1CD2AD31000DBA33 /* Resources */ = {
			isa = PBXResourcesBuildPhase;
			buildActionMask = 2147483647;
			files = (
				F230C4341CD2AD31000DBA33 /* Assets.xcassets in Resources */,
				F230C44F1CD2AD89000DBA33 /* MainWindowController.xib in Resources */,
				F230C4371CD2AD31000DBA33 /* MainMenu.xib in Resources */,
			);
			runOnlyForDeploymentPostprocessing = 0;
		};
		F230C43B1CD2AD32000DBA33 /* Resources */ = {
			isa = PBXResourcesBuildPhase;
			buildActionMask = 2147483647;
			files = (
				F21895DF1CE8A6700077960F /* DynamicCellsTableViewTests.xml in Resources */,
				F2F7BB6F1CDBDFBA0002BAFF /* TextFieldTests.xml in Resources */,
				F2E2EF811CD7E5D800079EB8 /* LabelTests.xml in Resources */,
				F23DF4C51CE274DA00D9939E /* SegmentedControlTests.xml in Resources */,
				F254ED9B1CD6945800505DD3 /* ViewTests.xml in Resources */,
				F254ED971CD54AC800505DD3 /* ButtonTests.xml in Resources */,
				F21895E11CEA5DBC0077960F /* ScrollViewTests.xml in Resources */,
				F2D9A2471CDD36B700F59171 /* SliderTests.xml in Resources */,
			);
			runOnlyForDeploymentPostprocessing = 0;
		};
/* End PBXResourcesBuildPhase section */

/* Begin PBXSourcesBuildPhase section */
		F230C42A1CD2AD31000DBA33 /* Sources */ = {
			isa = PBXSourcesBuildPhase;
			buildActionMask = 2147483647;
			files = (
				F230C4651CD34A93000DBA33 /* LayoutGuide.swift in Sources */,
				F21895E51CECFA730077960F /* ScrollView.swift in Sources */,
				F254ED8C1CD500BC00505DD3 /* ButtonState.swift in Sources */,
				F230C4661CD34A93000DBA33 /* SegmentedControl.swift in Sources */,
				F230C44E1CD2AD89000DBA33 /* MainWindowController.swift in Sources */,
				F230C4671CD34A93000DBA33 /* TextField.swift in Sources */,
				F230C4711CD34B44000DBA33 /* StoryboardXMLParserDelegate.swift in Sources */,
				F230C46B1CD34A93000DBA33 /* Enums.swift in Sources */,
				F230C4321CD2AD31000DBA33 /* AppDelegate.swift in Sources */,
				F230C4631CD34A93000DBA33 /* Font.swift in Sources */,
				F230C4691CD34A93000DBA33 /* ViewController.swift in Sources */,
				F230C4511CD2B066000DBA33 /* DropTextField.swift in Sources */,
				F2BF46911CE62E1A0031B663 /* Scene.swift in Sources */,
				F254ED8E1CD50CFA00505DD3 /* CodeCreator.swift in Sources */,
				F230C4621CD34A93000DBA33 /* Color.swift in Sources */,
				F230C46C1CD34A93000DBA33 /* Extensions.swift in Sources */,
				F230C4641CD34A93000DBA33 /* Label.swift in Sources */,
				F230C4681CD34A93000DBA33 /* View.swift in Sources */,
				F230C46F1CD34AEC000DBA33 /* Slider.swift in Sources */,
				F230C4611CD34A93000DBA33 /* Button.swift in Sources */,
				F230C46A1CD34A93000DBA33 /* Constraint.swift in Sources */,
				F230C46D1CD34A93000DBA33 /* Protocols.swift in Sources */,
			);
			runOnlyForDeploymentPostprocessing = 0;
		};
		F230C4391CD2AD32000DBA33 /* Sources */ = {
			isa = PBXSourcesBuildPhase;
			buildActionMask = 2147483647;
			files = (
				F254ED9A1CD5DDCF00505DD3 /* ViewTests.swift in Sources */,
				F21895E31CECF9D60077960F /* ScrollViewTests.swift in Sources */,
				F2E2EF831CD7F2E900079EB8 /* LabelTests.swift in Sources */,
				F230C47A1CD38F81000DBA33 /* DataLoader.swift in Sources */,
				F230C4781CD38C6E000DBA33 /* StoryboardXMLHelper.swift in Sources */,
				F23DF4C31CDFD2DE00D9939E /* SliderTests.swift in Sources */,
				F230C4741CD38B70000DBA33 /* ButtonTests.swift in Sources */,
				F23DF4C71CE2763300D9939E /* SegmentedControlTests.swift in Sources */,
				F2F7BB711CDBE5A90002BAFF /* TextFieldTests.swift in Sources */,
				F210976D1CF972780056E90E /* DynamicCellsTableViewTests.swift in Sources */,
			);
			runOnlyForDeploymentPostprocessing = 0;
		};
/* End PBXSourcesBuildPhase section */

/* Begin PBXTargetDependency section */
		F230C43F1CD2AD32000DBA33 /* PBXTargetDependency */ = {
			isa = PBXTargetDependency;
			target = F230C42D1CD2AD31000DBA33 /* Storyboard2Code */;
			targetProxy = F230C43E1CD2AD32000DBA33 /* PBXContainerItemProxy */;
		};
/* End PBXTargetDependency section */

/* Begin PBXVariantGroup section */
		F230C4351CD2AD31000DBA33 /* MainMenu.xib */ = {
			isa = PBXVariantGroup;
			children = (
				F230C4361CD2AD31000DBA33 /* Base */,
			);
			name = MainMenu.xib;
			sourceTree = "<group>";
		};
/* End PBXVariantGroup section */

/* Begin XCBuildConfiguration section */
		F230C4441CD2AD32000DBA33 /* Debug */ = {
			isa = XCBuildConfiguration;
			buildSettings = {
				ALWAYS_SEARCH_USER_PATHS = NO;
				CLANG_ANALYZER_NONNULL = YES;
				CLANG_CXX_LANGUAGE_STANDARD = "gnu++0x";
				CLANG_CXX_LIBRARY = "libc++";
				CLANG_ENABLE_MODULES = YES;
				CLANG_ENABLE_OBJC_ARC = YES;
				CLANG_WARN_BOOL_CONVERSION = YES;
				CLANG_WARN_CONSTANT_CONVERSION = YES;
				CLANG_WARN_DIRECT_OBJC_ISA_USAGE = YES_ERROR;
				CLANG_WARN_EMPTY_BODY = YES;
				CLANG_WARN_ENUM_CONVERSION = YES;
				CLANG_WARN_INT_CONVERSION = YES;
				CLANG_WARN_OBJC_ROOT_CLASS = YES_ERROR;
				CLANG_WARN_UNREACHABLE_CODE = YES;
				CLANG_WARN__DUPLICATE_METHOD_MATCH = YES;
				CODE_SIGN_IDENTITY = "-";
				COPY_PHASE_STRIP = NO;
				DEBUG_INFORMATION_FORMAT = dwarf;
				ENABLE_STRICT_OBJC_MSGSEND = YES;
				ENABLE_TESTABILITY = YES;
				GCC_C_LANGUAGE_STANDARD = gnu99;
				GCC_DYNAMIC_NO_PIC = NO;
				GCC_NO_COMMON_BLOCKS = YES;
				GCC_OPTIMIZATION_LEVEL = 0;
				GCC_PREPROCESSOR_DEFINITIONS = (
					"DEBUG=1",
					"$(inherited)",
				);
				GCC_WARN_64_TO_32_BIT_CONVERSION = YES;
				GCC_WARN_ABOUT_RETURN_TYPE = YES_ERROR;
				GCC_WARN_UNDECLARED_SELECTOR = YES;
				GCC_WARN_UNINITIALIZED_AUTOS = YES_AGGRESSIVE;
				GCC_WARN_UNUSED_FUNCTION = YES;
				GCC_WARN_UNUSED_VARIABLE = YES;
				MACOSX_DEPLOYMENT_TARGET = 10.11;
				MTL_ENABLE_DEBUG_INFO = YES;
				ONLY_ACTIVE_ARCH = YES;
				SDKROOT = macosx;
				SWIFT_OPTIMIZATION_LEVEL = "-Onone";
			};
			name = Debug;
		};
		F230C4451CD2AD32000DBA33 /* Release */ = {
			isa = XCBuildConfiguration;
			buildSettings = {
				ALWAYS_SEARCH_USER_PATHS = NO;
				CLANG_ANALYZER_NONNULL = YES;
				CLANG_CXX_LANGUAGE_STANDARD = "gnu++0x";
				CLANG_CXX_LIBRARY = "libc++";
				CLANG_ENABLE_MODULES = YES;
				CLANG_ENABLE_OBJC_ARC = YES;
				CLANG_WARN_BOOL_CONVERSION = YES;
				CLANG_WARN_CONSTANT_CONVERSION = YES;
				CLANG_WARN_DIRECT_OBJC_ISA_USAGE = YES_ERROR;
				CLANG_WARN_EMPTY_BODY = YES;
				CLANG_WARN_ENUM_CONVERSION = YES;
				CLANG_WARN_INT_CONVERSION = YES;
				CLANG_WARN_OBJC_ROOT_CLASS = YES_ERROR;
				CLANG_WARN_UNREACHABLE_CODE = YES;
				CLANG_WARN__DUPLICATE_METHOD_MATCH = YES;
				CODE_SIGN_IDENTITY = "-";
				COPY_PHASE_STRIP = NO;
				DEBUG_INFORMATION_FORMAT = "dwarf-with-dsym";
				ENABLE_NS_ASSERTIONS = NO;
				ENABLE_STRICT_OBJC_MSGSEND = YES;
				GCC_C_LANGUAGE_STANDARD = gnu99;
				GCC_NO_COMMON_BLOCKS = YES;
				GCC_WARN_64_TO_32_BIT_CONVERSION = YES;
				GCC_WARN_ABOUT_RETURN_TYPE = YES_ERROR;
				GCC_WARN_UNDECLARED_SELECTOR = YES;
				GCC_WARN_UNINITIALIZED_AUTOS = YES_AGGRESSIVE;
				GCC_WARN_UNUSED_FUNCTION = YES;
				GCC_WARN_UNUSED_VARIABLE = YES;
				MACOSX_DEPLOYMENT_TARGET = 10.11;
				MTL_ENABLE_DEBUG_INFO = NO;
				SDKROOT = macosx;
			};
			name = Release;
		};
		F230C4471CD2AD32000DBA33 /* Debug */ = {
			isa = XCBuildConfiguration;
			buildSettings = {
				ASSETCATALOG_COMPILER_APPICON_NAME = AppIcon;
				COMBINE_HIDPI_IMAGES = YES;
				INFOPLIST_FILE = Storyboard2Code/Info.plist;
				LD_RUNPATH_SEARCH_PATHS = "$(inherited) @executable_path/../Frameworks";
				PRODUCT_BUNDLE_IDENTIFIER = com.swiftandpainless.Storyboard2Code;
				PRODUCT_NAME = "$(TARGET_NAME)";
			};
			name = Debug;
		};
		F230C4481CD2AD32000DBA33 /* Release */ = {
			isa = XCBuildConfiguration;
			buildSettings = {
				ASSETCATALOG_COMPILER_APPICON_NAME = AppIcon;
				COMBINE_HIDPI_IMAGES = YES;
				INFOPLIST_FILE = Storyboard2Code/Info.plist;
				LD_RUNPATH_SEARCH_PATHS = "$(inherited) @executable_path/../Frameworks";
				PRODUCT_BUNDLE_IDENTIFIER = com.swiftandpainless.Storyboard2Code;
				PRODUCT_NAME = "$(TARGET_NAME)";
			};
			name = Release;
		};
		F230C44A1CD2AD32000DBA33 /* Debug */ = {
			isa = XCBuildConfiguration;
			buildSettings = {
				BUNDLE_LOADER = "$(TEST_HOST)";
				COMBINE_HIDPI_IMAGES = YES;
				INFOPLIST_FILE = Storyboard2CodeTests/Info.plist;
				LD_RUNPATH_SEARCH_PATHS = "$(inherited) @executable_path/../Frameworks @loader_path/../Frameworks";
				PRODUCT_BUNDLE_IDENTIFIER = com.swiftandpainless.Storyboard2CodeTests;
				PRODUCT_NAME = "$(TARGET_NAME)";
				TEST_HOST = "$(BUILT_PRODUCTS_DIR)/Storyboard2Code.app/Contents/MacOS/Storyboard2Code";
			};
			name = Debug;
		};
		F230C44B1CD2AD32000DBA33 /* Release */ = {
			isa = XCBuildConfiguration;
			buildSettings = {
				BUNDLE_LOADER = "$(TEST_HOST)";
				COMBINE_HIDPI_IMAGES = YES;
				INFOPLIST_FILE = Storyboard2CodeTests/Info.plist;
				LD_RUNPATH_SEARCH_PATHS = "$(inherited) @executable_path/../Frameworks @loader_path/../Frameworks";
				PRODUCT_BUNDLE_IDENTIFIER = com.swiftandpainless.Storyboard2CodeTests;
				PRODUCT_NAME = "$(TARGET_NAME)";
				TEST_HOST = "$(BUILT_PRODUCTS_DIR)/Storyboard2Code.app/Contents/MacOS/Storyboard2Code";
			};
			name = Release;
		};
/* End XCBuildConfiguration section */

/* Begin XCConfigurationList section */
		F230C4291CD2AD31000DBA33 /* Build configuration list for PBXProject "Storyboard2Code" */ = {
			isa = XCConfigurationList;
			buildConfigurations = (
				F230C4441CD2AD32000DBA33 /* Debug */,
				F230C4451CD2AD32000DBA33 /* Release */,
			);
			defaultConfigurationIsVisible = 0;
			defaultConfigurationName = Release;
		};
		F230C4461CD2AD32000DBA33 /* Build configuration list for PBXNativeTarget "Storyboard2Code" */ = {
			isa = XCConfigurationList;
			buildConfigurations = (
				F230C4471CD2AD32000DBA33 /* Debug */,
				F230C4481CD2AD32000DBA33 /* Release */,
			);
			defaultConfigurationIsVisible = 0;
			defaultConfigurationName = Release;
		};
		F230C4491CD2AD32000DBA33 /* Build configuration list for PBXNativeTarget "Storyboard2CodeTests" */ = {
			isa = XCConfigurationList;
			buildConfigurations = (
				F230C44A1CD2AD32000DBA33 /* Debug */,
				F230C44B1CD2AD32000DBA33 /* Release */,
			);
			defaultConfigurationIsVisible = 0;
			defaultConfigurationName = Release;
		};
/* End XCConfigurationList section */
	};
	rootObject = F230C4261CD2AD31000DBA33 /* Project object */;
}
